
Microsoft Visual Studio Solution File, Format Version 12.00
# Visual Studio Version 16
VisualStudioVersion = 16.0.29613.14
MinimumVisualStudioVersion = 10.0.40219.1
Project("{FAE04EC0-301F-11D3-BF4B-00C04F79EFBC}") = "Sales", "Sales\Sales.csproj", "{7A7E83C8-5732-421D-8CBE-CC5C04B5B570}"
EndProject
Project("{FAE04EC0-301F-11D3-BF4B-00C04F79EFBC}") = "Billing", "Billing\Billing.csproj", "{3D8759B3-E4EA-4E99-A2D9-81920F6B1A9E}"
EndProject
Project("{FAE04EC0-301F-11D3-BF4B-00C04F79EFBC}") = "Delivery", "Delivery\Delivery.csproj", "{09A81653-10E1-4106-9174-7B7F2EE31D69}"
EndProject
Project("{FAE04EC0-301F-11D3-BF4B-00C04F79EFBC}") = "Web", "Web\Web.csproj", "{C662B1F9-90E1-414D-86E6-6A912212E5DF}"
EndProject
Project("{FAE04EC0-301F-11D3-BF4B-00C04F79EFBC}") = "Broker", "Broker\Broker.csproj", "{468999D8-A351-4DA7-ABC7-1FF193C08FC3}"
EndProject
Global
	GlobalSection(SolutionConfigurationPlatforms) = preSolution
		Debug|Any CPU = Debug|Any CPU
		Release|Any CPU = Release|Any CPU
	EndGlobalSection
	GlobalSection(ProjectConfigurationPlatforms) = postSolution
		{7A7E83C8-5732-421D-8CBE-CC5C04B5B570}.Debug|Any CPU.ActiveCfg = Debug|Any CPU
		{7A7E83C8-5732-421D-8CBE-CC5C04B5B570}.Debug|Any CPU.Build.0 = Debug|Any CPU
		{7A7E83C8-5732-421D-8CBE-CC5C04B5B570}.Release|Any CPU.ActiveCfg = Release|Any CPU
		{7A7E83C8-5732-421D-8CBE-CC5C04B5B570}.Release|Any CPU.Build.0 = Release|Any CPU
		{3D8759B3-E4EA-4E99-A2D9-81920F6B1A9E}.Debug|Any CPU.ActiveCfg = Debug|Any CPU
		{3D8759B3-E4EA-4E99-A2D9-81920F6B1A9E}.Debug|Any CPU.Build.0 = Debug|Any CPU
		{3D8759B3-E4EA-4E99-A2D9-81920F6B1A9E}.Release|Any CPU.ActiveCfg = Release|Any CPU
		{3D8759B3-E4EA-4E99-A2D9-81920F6B1A9E}.Release|Any CPU.Build.0 = Release|Any CPU
		{09A81653-10E1-4106-9174-7B7F2EE31D69}.Debug|Any CPU.ActiveCfg = Debug|Any CPU
		{09A81653-10E1-4106-9174-7B7F2EE31D69}.Debug|Any CPU.Build.0 = Debug|Any CPU
		{09A81653-10E1-4106-9174-7B7F2EE31D69}.Release|Any CPU.ActiveCfg = Release|Any CPU
		{09A81653-10E1-4106-9174-7B7F2EE31D69}.Release|Any CPU.Build.0 = Release|Any CPU
		{C662B1F9-90E1-414D-86E6-6A912212E5DF}.Debug|Any CPU.ActiveCfg = Debug|Any CPU
		{C662B1F9-90E1-414D-86E6-6A912212E5DF}.Debug|Any CPU.Build.0 = Debug|Any CPU
		{C662B1F9-90E1-414D-86E6-6A912212E5DF}.Release|Any CPU.ActiveCfg = Release|Any CPU
		{C662B1F9-90E1-414D-86E6-6A912212E5DF}.Release|Any CPU.Build.0 = Release|Any CPU
		{468999D8-A351-4DA7-ABC7-1FF193C08FC3}.Debug|Any CPU.ActiveCfg = Debug|Any CPU
		{468999D8-A351-4DA7-ABC7-1FF193C08FC3}.Debug|Any CPU.Build.0 = Debug|Any CPU
		{468999D8-A351-4DA7-ABC7-1FF193C08FC3}.Release|Any CPU.ActiveCfg = Release|Any CPU
		{468999D8-A351-4DA7-ABC7-1FF193C08FC3}.Release|Any CPU.Build.0 = Release|Any CPU
	EndGlobalSection
	GlobalSection(SolutionProperties) = preSolution
		HideSolutionNode = FALSE
	EndGlobalSection
	GlobalSection(ExtensibilityGlobals) = postSolution
		SolutionGuid = {020DFEC7-4A3B-4C09-9C90-1A8F87BFBAA9}
	EndGlobalSection
EndGlobal
